// !$*UTF8*$!
{
	archiveVersion = 1;
	classes = {
	};
	objectVersion = 56;
	objects = {

/* Begin PBXBuildFile section */
		17451D5D2C16BA520024E3CA /* WidgetKit.framework in Frameworks */ = {isa = PBXBuildFile; fileRef = 17451D5C2C16BA520024E3CA /* WidgetKit.framework */; };
		17451D5F2C16BA520024E3CA /* SwiftUI.framework in Frameworks */ = {isa = PBXBuildFile; fileRef = 17451D5E2C16BA520024E3CA /* SwiftUI.framework */; };
		17451D662C16BA520024E3CA /* DevoteWidget.swift in Sources */ = {isa = PBXBuildFile; fileRef = 17451D652C16BA520024E3CA /* DevoteWidget.swift */; };
		17451D682C16BA530024E3CA /* Assets.xcassets in Resources */ = {isa = PBXBuildFile; fileRef = 17451D672C16BA530024E3CA /* Assets.xcassets */; };
		17451D6C2C16BA530024E3CA /* DevoteWidgetExtension.appex in Embed Foundation Extensions */ = {isa = PBXBuildFile; fileRef = 17451D5A2C16BA520024E3CA /* DevoteWidgetExtension.appex */; settings = {ATTRIBUTES = (RemoveHeadersOnCopy, ); }; };
		17451D712C16BF0A0024E3CA /* Constant.swift in Sources */ = {isa = PBXBuildFile; fileRef = 38F169352BE8FA6A004DAA08 /* Constant.swift */; };
		17B1DC692BE8A4F4008A696A /* Devote_Swift_UIApp.swift in Sources */ = {isa = PBXBuildFile; fileRef = 17B1DC682BE8A4F4008A696A /* Devote_Swift_UIApp.swift */; };
		17B1DC6B2BE8A4F4008A696A /* Persistence.swift in Sources */ = {isa = PBXBuildFile; fileRef = 17B1DC6A2BE8A4F4008A696A /* Persistence.swift */; };
		17B1DC6E2BE8A4F4008A696A /* Devote_Swift_UI.xcdatamodeld in Sources */ = {isa = PBXBuildFile; fileRef = 17B1DC6C2BE8A4F4008A696A /* Devote_Swift_UI.xcdatamodeld */; };
		17B1DC702BE8A4F4008A696A /* ContentView.swift in Sources */ = {isa = PBXBuildFile; fileRef = 17B1DC6F2BE8A4F4008A696A /* ContentView.swift */; };
		17B1DC722BE8A4F5008A696A /* Assets.xcassets in Resources */ = {isa = PBXBuildFile; fileRef = 17B1DC712BE8A4F5008A696A /* Assets.xcassets */; };
		17B1DC762BE8A4F5008A696A /* Preview Assets.xcassets in Resources */ = {isa = PBXBuildFile; fileRef = 17B1DC752BE8A4F5008A696A /* Preview Assets.xcassets */; };
		17B1DC902BE8AFF3008A696A /* sound-tap.mp3 in Resources */ = {isa = PBXBuildFile; fileRef = 17B1DC8D2BE8AFF3008A696A /* sound-tap.mp3 */; };
		17B1DC912BE8AFF3008A696A /* sound-rise.mp3 in Resources */ = {isa = PBXBuildFile; fileRef = 17B1DC8E2BE8AFF3008A696A /* sound-rise.mp3 */; };
		17B1DC922BE8AFF3008A696A /* sound-ding.mp3 in Resources */ = {isa = PBXBuildFile; fileRef = 17B1DC8F2BE8AFF3008A696A /* sound-ding.mp3 */; };
		384B857F2BEE722F00486BF2 /* SoundPlayer.swift in Sources */ = {isa = PBXBuildFile; fileRef = 384B857E2BEE722F00486BF2 /* SoundPlayer.swift */; };
		38F169362BE8FA6A004DAA08 /* Constant.swift in Sources */ = {isa = PBXBuildFile; fileRef = 38F169352BE8FA6A004DAA08 /* Constant.swift */; };
		38F169382BE90521004DAA08 /* HideKeyboardExtension.swift in Sources */ = {isa = PBXBuildFile; fileRef = 38F169372BE90521004DAA08 /* HideKeyboardExtension.swift */; };
		38F1693A2BE9101F004DAA08 /* BackgroundImageView.swift in Sources */ = {isa = PBXBuildFile; fileRef = 38F169392BE9101F004DAA08 /* BackgroundImageView.swift */; };
		38F1693C2BE9165E004DAA08 /* NewTaskItemView.swift in Sources */ = {isa = PBXBuildFile; fileRef = 38F1693B2BE9165E004DAA08 /* NewTaskItemView.swift */; };
		38F1693E2BE91B35004DAA08 /* BlankView.swift in Sources */ = {isa = PBXBuildFile; fileRef = 38F1693D2BE91B35004DAA08 /* BlankView.swift */; };
		38F169402BE9279C004DAA08 /* ListRowItemView.swift in Sources */ = {isa = PBXBuildFile; fileRef = 38F1693F2BE9279C004DAA08 /* ListRowItemView.swift */; };
		38F169422BE929E2004DAA08 /* CheckboxStyle.swift in Sources */ = {isa = PBXBuildFile; fileRef = 38F169412BE929E2004DAA08 /* CheckboxStyle.swift */; };
/* End PBXBuildFile section */

/* Begin PBXContainerItemProxy section */
		17451D6A2C16BA530024E3CA /* PBXContainerItemProxy */ = {
			isa = PBXContainerItemProxy;
			containerPortal = 17B1DC5D2BE8A4F4008A696A /* Project object */;
			proxyType = 1;
			remoteGlobalIDString = 17451D592C16BA520024E3CA;
			remoteInfo = DevoteWidgetExtension;
		};
/* End PBXContainerItemProxy section */

/* Begin PBXCopyFilesBuildPhase section */
		17451D6D2C16BA530024E3CA /* Embed Foundation Extensions */ = {
			isa = PBXCopyFilesBuildPhase;
			buildActionMask = 2147483647;
			dstPath = "";
			dstSubfolderSpec = 13;
			files = (
				17451D6C2C16BA530024E3CA /* DevoteWidgetExtension.appex in Embed Foundation Extensions */,
			);
			name = "Embed Foundation Extensions";
			runOnlyForDeploymentPostprocessing = 0;
		};
/* End PBXCopyFilesBuildPhase section */

/* Begin PBXFileReference section */
		17451D5A2C16BA520024E3CA /* DevoteWidgetExtension.appex */ = {isa = PBXFileReference; explicitFileType = "wrapper.app-extension"; includeInIndex = 0; path = DevoteWidgetExtension.appex; sourceTree = BUILT_PRODUCTS_DIR; };
		17451D5C2C16BA520024E3CA /* WidgetKit.framework */ = {isa = PBXFileReference; lastKnownFileType = wrapper.framework; name = WidgetKit.framework; path = System/Library/Frameworks/WidgetKit.framework; sourceTree = SDKROOT; };
		17451D5E2C16BA520024E3CA /* SwiftUI.framework */ = {isa = PBXFileReference; lastKnownFileType = wrapper.framework; name = SwiftUI.framework; path = System/Library/Frameworks/SwiftUI.framework; sourceTree = SDKROOT; };
		17451D652C16BA520024E3CA /* DevoteWidget.swift */ = {isa = PBXFileReference; lastKnownFileType = sourcecode.swift; path = DevoteWidget.swift; sourceTree = "<group>"; };
		17451D672C16BA530024E3CA /* Assets.xcassets */ = {isa = PBXFileReference; lastKnownFileType = folder.assetcatalog; path = Assets.xcassets; sourceTree = "<group>"; };
		17451D692C16BA530024E3CA /* Info.plist */ = {isa = PBXFileReference; lastKnownFileType = text.plist.xml; path = Info.plist; sourceTree = "<group>"; };
		17B1DC652BE8A4F4008A696A /* Devote-Swift-UI.app */ = {isa = PBXFileReference; explicitFileType = wrapper.application; includeInIndex = 0; path = "Devote-Swift-UI.app"; sourceTree = BUILT_PRODUCTS_DIR; };
		17B1DC682BE8A4F4008A696A /* Devote_Swift_UIApp.swift */ = {isa = PBXFileReference; lastKnownFileType = sourcecode.swift; path = Devote_Swift_UIApp.swift; sourceTree = "<group>"; };
		17B1DC6A2BE8A4F4008A696A /* Persistence.swift */ = {isa = PBXFileReference; lastKnownFileType = sourcecode.swift; path = Persistence.swift; sourceTree = "<group>"; };
		17B1DC6D2BE8A4F4008A696A /* Devote_Swift_UI.xcdatamodel */ = {isa = PBXFileReference; lastKnownFileType = wrapper.xcdatamodel; path = Devote_Swift_UI.xcdatamodel; sourceTree = "<group>"; };
		17B1DC6F2BE8A4F4008A696A /* ContentView.swift */ = {isa = PBXFileReference; lastKnownFileType = sourcecode.swift; path = ContentView.swift; sourceTree = "<group>"; };
		17B1DC712BE8A4F5008A696A /* Assets.xcassets */ = {isa = PBXFileReference; lastKnownFileType = folder.assetcatalog; path = Assets.xcassets; sourceTree = "<group>"; };
		17B1DC732BE8A4F5008A696A /* Devote_Swift_UI.entitlements */ = {isa = PBXFileReference; lastKnownFileType = text.plist.entitlements; path = Devote_Swift_UI.entitlements; sourceTree = "<group>"; };
		17B1DC752BE8A4F5008A696A /* Preview Assets.xcassets */ = {isa = PBXFileReference; lastKnownFileType = folder.assetcatalog; path = "Preview Assets.xcassets"; sourceTree = "<group>"; };
		17B1DC8D2BE8AFF3008A696A /* sound-tap.mp3 */ = {isa = PBXFileReference; lastKnownFileType = audio.mp3; path = "sound-tap.mp3"; sourceTree = "<group>"; };
		17B1DC8E2BE8AFF3008A696A /* sound-rise.mp3 */ = {isa = PBXFileReference; lastKnownFileType = audio.mp3; path = "sound-rise.mp3"; sourceTree = "<group>"; };
		17B1DC8F2BE8AFF3008A696A /* sound-ding.mp3 */ = {isa = PBXFileReference; lastKnownFileType = audio.mp3; path = "sound-ding.mp3"; sourceTree = "<group>"; };
		17B8A2312BE8B14100AF8242 /* Info.plist */ = {isa = PBXFileReference; lastKnownFileType = text.plist; path = Info.plist; sourceTree = "<group>"; };
		384B857E2BEE722F00486BF2 /* SoundPlayer.swift */ = {isa = PBXFileReference; lastKnownFileType = sourcecode.swift; path = SoundPlayer.swift; sourceTree = "<group>"; };
		38F169352BE8FA6A004DAA08 /* Constant.swift */ = {isa = PBXFileReference; lastKnownFileType = sourcecode.swift; path = Constant.swift; sourceTree = "<group>"; };
		38F169372BE90521004DAA08 /* HideKeyboardExtension.swift */ = {isa = PBXFileReference; lastKnownFileType = sourcecode.swift; path = HideKeyboardExtension.swift; sourceTree = "<group>"; };
		38F169392BE9101F004DAA08 /* BackgroundImageView.swift */ = {isa = PBXFileReference; lastKnownFileType = sourcecode.swift; path = BackgroundImageView.swift; sourceTree = "<group>"; };
		38F1693B2BE9165E004DAA08 /* NewTaskItemView.swift */ = {isa = PBXFileReference; lastKnownFileType = sourcecode.swift; path = NewTaskItemView.swift; sourceTree = "<group>"; };
		38F1693D2BE91B35004DAA08 /* BlankView.swift */ = {isa = PBXFileReference; lastKnownFileType = sourcecode.swift; path = BlankView.swift; sourceTree = "<group>"; };
		38F1693F2BE9279C004DAA08 /* ListRowItemView.swift */ = {isa = PBXFileReference; lastKnownFileType = sourcecode.swift; path = ListRowItemView.swift; sourceTree = "<group>"; };
		38F169412BE929E2004DAA08 /* CheckboxStyle.swift */ = {isa = PBXFileReference; lastKnownFileType = sourcecode.swift; path = CheckboxStyle.swift; sourceTree = "<group>"; };
/* End PBXFileReference section */

/* Begin PBXFrameworksBuildPhase section */
		17451D572C16BA520024E3CA /* Frameworks */ = {
			isa = PBXFrameworksBuildPhase;
			buildActionMask = 2147483647;
			files = (
				17451D5F2C16BA520024E3CA /* SwiftUI.framework in Frameworks */,
				17451D5D2C16BA520024E3CA /* WidgetKit.framework in Frameworks */,
			);
			runOnlyForDeploymentPostprocessing = 0;
		};
		17B1DC622BE8A4F4008A696A /* Frameworks */ = {
			isa = PBXFrameworksBuildPhase;
			buildActionMask = 2147483647;
			files = (
			);
			runOnlyForDeploymentPostprocessing = 0;
		};
/* End PBXFrameworksBuildPhase section */

/* Begin PBXGroup section */
		17451D5B2C16BA520024E3CA /* Frameworks */ = {
			isa = PBXGroup;
			children = (
				17451D5C2C16BA520024E3CA /* WidgetKit.framework */,
				17451D5E2C16BA520024E3CA /* SwiftUI.framework */,
			);
			name = Frameworks;
			sourceTree = "<group>";
		};
		17451D602C16BA520024E3CA /* DevoteWidget */ = {
			isa = PBXGroup;
			children = (
				17451D652C16BA520024E3CA /* DevoteWidget.swift */,
				17451D672C16BA530024E3CA /* Assets.xcassets */,
				17451D692C16BA530024E3CA /* Info.plist */,
			);
			path = DevoteWidget;
			sourceTree = "<group>";
		};
		17B1DC5C2BE8A4F4008A696A = {
			isa = PBXGroup;
			children = (
				17B1DC672BE8A4F4008A696A /* Devote-Swift-UI */,
				17451D602C16BA520024E3CA /* DevoteWidget */,
				17451D5B2C16BA520024E3CA /* Frameworks */,
				17B1DC662BE8A4F4008A696A /* Products */,
			);
			sourceTree = "<group>";
		};
		17B1DC662BE8A4F4008A696A /* Products */ = {
			isa = PBXGroup;
			children = (
				17B1DC652BE8A4F4008A696A /* Devote-Swift-UI.app */,
				17451D5A2C16BA520024E3CA /* DevoteWidgetExtension.appex */,
			);
			name = Products;
			sourceTree = "<group>";
		};
		17B1DC672BE8A4F4008A696A /* Devote-Swift-UI */ = {
			isa = PBXGroup;
			children = (
				17B1DC732BE8A4F5008A696A /* Devote_Swift_UI.entitlements */,
				17B8A2312BE8B14100AF8242 /* Info.plist */,
				17B1DC682BE8A4F4008A696A /* Devote_Swift_UIApp.swift */,
				17B1DC712BE8A4F5008A696A /* Assets.xcassets */,
				38F1692F2BE8C71E004DAA08 /* Extension */,
				17B8A2302BE8B0C400AF8242 /* Model */,
				17B1DC742BE8A4F5008A696A /* Preview Content */,
				17B1DC932BE8AFFF008A696A /* Sound */,
				38F1692E2BE8C718004DAA08 /* Style */,
				38F169302BE8C725004DAA08 /* Utility */,
				17B1DC942BE8B006008A696A /* View */,
			);
			path = "Devote-Swift-UI";
			sourceTree = "<group>";
		};
		17B1DC742BE8A4F5008A696A /* Preview Content */ = {
			isa = PBXGroup;
			children = (
				17B1DC752BE8A4F5008A696A /* Preview Assets.xcassets */,
			);
			path = "Preview Content";
			sourceTree = "<group>";
		};
		17B1DC932BE8AFFF008A696A /* Sound */ = {
			isa = PBXGroup;
			children = (
				17B1DC8F2BE8AFF3008A696A /* sound-ding.mp3 */,
				17B1DC8E2BE8AFF3008A696A /* sound-rise.mp3 */,
				17B1DC8D2BE8AFF3008A696A /* sound-tap.mp3 */,
			);
			path = Sound;
			sourceTree = "<group>";
		};
		17B1DC942BE8B006008A696A /* View */ = {
			isa = PBXGroup;
			children = (
				17B1DC6F2BE8A4F4008A696A /* ContentView.swift */,
				38F169392BE9101F004DAA08 /* BackgroundImageView.swift */,
				38F1693B2BE9165E004DAA08 /* NewTaskItemView.swift */,
				38F1693D2BE91B35004DAA08 /* BlankView.swift */,
				38F1693F2BE9279C004DAA08 /* ListRowItemView.swift */,
			);
			path = View;
			sourceTree = "<group>";
		};
		17B8A2302BE8B0C400AF8242 /* Model */ = {
			isa = PBXGroup;
			children = (
				17B1DC6A2BE8A4F4008A696A /* Persistence.swift */,
				17B1DC6C2BE8A4F4008A696A /* Devote_Swift_UI.xcdatamodeld */,
			);
			path = Model;
			sourceTree = "<group>";
		};
		38F1692E2BE8C718004DAA08 /* Style */ = {
			isa = PBXGroup;
			children = (
				38F169412BE929E2004DAA08 /* CheckboxStyle.swift */,
			);
			path = Style;
			sourceTree = "<group>";
		};
		38F1692F2BE8C71E004DAA08 /* Extension */ = {
			isa = PBXGroup;
			children = (
				38F169372BE90521004DAA08 /* HideKeyboardExtension.swift */,
			);
			path = Extension;
			sourceTree = "<group>";
		};
		38F169302BE8C725004DAA08 /* Utility */ = {
			isa = PBXGroup;
			children = (
				38F169352BE8FA6A004DAA08 /* Constant.swift */,
				384B857E2BEE722F00486BF2 /* SoundPlayer.swift */,
			);
			path = Utility;
			sourceTree = "<group>";
		};
/* End PBXGroup section */

/* Begin PBXNativeTarget section */
		17451D592C16BA520024E3CA /* DevoteWidgetExtension */ = {
			isa = PBXNativeTarget;
			buildConfigurationList = 17451D702C16BA530024E3CA /* Build configuration list for PBXNativeTarget "DevoteWidgetExtension" */;
			buildPhases = (
				17451D562C16BA520024E3CA /* Sources */,
				17451D572C16BA520024E3CA /* Frameworks */,
				17451D582C16BA520024E3CA /* Resources */,
			);
			buildRules = (
			);
			dependencies = (
			);
			name = DevoteWidgetExtension;
			productName = DevoteWidgetExtension;
			productReference = 17451D5A2C16BA520024E3CA /* DevoteWidgetExtension.appex */;
			productType = "com.apple.product-type.app-extension";
		};
		17B1DC642BE8A4F4008A696A /* Devote-Swift-UI */ = {
			isa = PBXNativeTarget;
			buildConfigurationList = 17B1DC792BE8A4F5008A696A /* Build configuration list for PBXNativeTarget "Devote-Swift-UI" */;
			buildPhases = (
				17B1DC612BE8A4F4008A696A /* Sources */,
				17B1DC622BE8A4F4008A696A /* Frameworks */,
				17B1DC632BE8A4F4008A696A /* Resources */,
				17451D6D2C16BA530024E3CA /* Embed Foundation Extensions */,
			);
			buildRules = (
			);
			dependencies = (
				17451D6B2C16BA530024E3CA /* PBXTargetDependency */,
			);
			name = "Devote-Swift-UI";
			productName = "Devote-Swift-UI";
			productReference = 17B1DC652BE8A4F4008A696A /* Devote-Swift-UI.app */;
			productType = "com.apple.product-type.application";
		};
/* End PBXNativeTarget section */

/* Begin PBXProject section */
		17B1DC5D2BE8A4F4008A696A /* Project object */ = {
			isa = PBXProject;
			attributes = {
				BuildIndependentTargetsInParallel = 1;
				LastSwiftUpdateCheck = 1540;
				LastUpgradeCheck = 1530;
				TargetAttributes = {
					17451D592C16BA520024E3CA = {
						CreatedOnToolsVersion = 15.4;
					};
					17B1DC642BE8A4F4008A696A = {
						CreatedOnToolsVersion = 15.3;
					};
				};
			};
			buildConfigurationList = 17B1DC602BE8A4F4008A696A /* Build configuration list for PBXProject "Devote-Swift-UI" */;
			compatibilityVersion = "Xcode 14.0";
			developmentRegion = en;
			hasScannedForEncodings = 0;
			knownRegions = (
				en,
				Base,
			);
			mainGroup = 17B1DC5C2BE8A4F4008A696A;
			productRefGroup = 17B1DC662BE8A4F4008A696A /* Products */;
			projectDirPath = "";
			projectRoot = "";
			targets = (
				17B1DC642BE8A4F4008A696A /* Devote-Swift-UI */,
				17451D592C16BA520024E3CA /* DevoteWidgetExtension */,
			);
		};
/* End PBXProject section */

/* Begin PBXResourcesBuildPhase section */
		17451D582C16BA520024E3CA /* Resources */ = {
			isa = PBXResourcesBuildPhase;
			buildActionMask = 2147483647;
			files = (
				17451D682C16BA530024E3CA /* Assets.xcassets in Resources */,
			);
			runOnlyForDeploymentPostprocessing = 0;
		};
		17B1DC632BE8A4F4008A696A /* Resources */ = {
			isa = PBXResourcesBuildPhase;
			buildActionMask = 2147483647;
			files = (
				17B1DC922BE8AFF3008A696A /* sound-ding.mp3 in Resources */,
				17B1DC902BE8AFF3008A696A /* sound-tap.mp3 in Resources */,
				17B1DC912BE8AFF3008A696A /* sound-rise.mp3 in Resources */,
				17B1DC762BE8A4F5008A696A /* Preview Assets.xcassets in Resources */,
				17B1DC722BE8A4F5008A696A /* Assets.xcassets in Resources */,
			);
			runOnlyForDeploymentPostprocessing = 0;
		};
/* End PBXResourcesBuildPhase section */

/* Begin PBXSourcesBuildPhase section */
		17451D562C16BA520024E3CA /* Sources */ = {
			isa = PBXSourcesBuildPhase;
			buildActionMask = 2147483647;
			files = (
				17451D662C16BA520024E3CA /* DevoteWidget.swift in Sources */,
				17451D712C16BF0A0024E3CA /* Constant.swift in Sources */,
			);
			runOnlyForDeploymentPostprocessing = 0;
		};
		17B1DC612BE8A4F4008A696A /* Sources */ = {
			isa = PBXSourcesBuildPhase;
			buildActionMask = 2147483647;
			files = (
				17B1DC692BE8A4F4008A696A /* Devote_Swift_UIApp.swift in Sources */,
				38F1693A2BE9101F004DAA08 /* BackgroundImageView.swift in Sources */,
				17B1DC6B2BE8A4F4008A696A /* Persistence.swift in Sources */,
				38F169382BE90521004DAA08 /* HideKeyboardExtension.swift in Sources */,
				38F1693E2BE91B35004DAA08 /* BlankView.swift in Sources */,
				38F169362BE8FA6A004DAA08 /* Constant.swift in Sources */,
				38F169402BE9279C004DAA08 /* ListRowItemView.swift in Sources */,
				17B1DC702BE8A4F4008A696A /* ContentView.swift in Sources */,
				17B1DC6E2BE8A4F4008A696A /* Devote_Swift_UI.xcdatamodeld in Sources */,
				38F169422BE929E2004DAA08 /* CheckboxStyle.swift in Sources */,
				384B857F2BEE722F00486BF2 /* SoundPlayer.swift in Sources */,
				38F1693C2BE9165E004DAA08 /* NewTaskItemView.swift in Sources */,
			);
			runOnlyForDeploymentPostprocessing = 0;
		};
/* End PBXSourcesBuildPhase section */

/* Begin PBXTargetDependency section */
		17451D6B2C16BA530024E3CA /* PBXTargetDependency */ = {
			isa = PBXTargetDependency;
			target = 17451D592C16BA520024E3CA /* DevoteWidgetExtension */;
			targetProxy = 17451D6A2C16BA530024E3CA /* PBXContainerItemProxy */;
		};
/* End PBXTargetDependency section */

/* Begin XCBuildConfiguration section */
		17451D6E2C16BA530024E3CA /* Debug */ = {
			isa = XCBuildConfiguration;
			buildSettings = {
				ASSETCATALOG_COMPILER_GLOBAL_ACCENT_COLOR_NAME = AccentColor;
				ASSETCATALOG_COMPILER_WIDGET_BACKGROUND_COLOR_NAME = WidgetBackground;
				CODE_SIGN_STYLE = Automatic;
				CURRENT_PROJECT_VERSION = 1;
				DEVELOPMENT_TEAM = VLW293B654;
				GENERATE_INFOPLIST_FILE = YES;
				INFOPLIST_FILE = DevoteWidget/Info.plist;
				INFOPLIST_KEY_CFBundleDisplayName = DevoteWidget;
				INFOPLIST_KEY_NSHumanReadableCopyright = "";
				IPHONEOS_DEPLOYMENT_TARGET = 17.5;
				LD_RUNPATH_SEARCH_PATHS = (
					"$(inherited)",
					"@executable_path/Frameworks",
					"@executable_path/../../Frameworks",
				);
				MARKETING_VERSION = 1.0;
				PRODUCT_BUNDLE_IDENTIFIER = "com.hzqabdullah.Devote-Swift-UI.DevoteWidget";
				PRODUCT_NAME = "$(TARGET_NAME)";
				SDKROOT = iphoneos;
				SKIP_INSTALL = YES;
				SWIFT_EMIT_LOC_STRINGS = YES;
				SWIFT_VERSION = 5.0;
				TARGETED_DEVICE_FAMILY = "1,2";
			};
			name = Debug;
		};
		17451D6F2C16BA530024E3CA /* Release */ = {
			isa = XCBuildConfiguration;
			buildSettings = {
				ASSETCATALOG_COMPILER_GLOBAL_ACCENT_COLOR_NAME = AccentColor;
				ASSETCATALOG_COMPILER_WIDGET_BACKGROUND_COLOR_NAME = WidgetBackground;
				CODE_SIGN_STYLE = Automatic;
				CURRENT_PROJECT_VERSION = 1;
				DEVELOPMENT_TEAM = VLW293B654;
				GENERATE_INFOPLIST_FILE = YES;
				INFOPLIST_FILE = DevoteWidget/Info.plist;
				INFOPLIST_KEY_CFBundleDisplayName = DevoteWidget;
				INFOPLIST_KEY_NSHumanReadableCopyright = "";
				IPHONEOS_DEPLOYMENT_TARGET = 17.5;
				LD_RUNPATH_SEARCH_PATHS = (
					"$(inherited)",
					"@executable_path/Frameworks",
					"@executable_path/../../Frameworks",
				);
				MARKETING_VERSION = 1.0;
				PRODUCT_BUNDLE_IDENTIFIER = "com.hzqabdullah.Devote-Swift-UI.DevoteWidget";
				PRODUCT_NAME = "$(TARGET_NAME)";
				SDKROOT = iphoneos;
				SKIP_INSTALL = YES;
				SWIFT_EMIT_LOC_STRINGS = YES;
				SWIFT_VERSION = 5.0;
				TARGETED_DEVICE_FAMILY = "1,2";
				VALIDATE_PRODUCT = YES;
			};
			name = Release;
		};
		17B1DC772BE8A4F5008A696A /* Debug */ = {
			isa = XCBuildConfiguration;
			buildSettings = {
				ALWAYS_SEARCH_USER_PATHS = NO;
				ASSETCATALOG_COMPILER_GENERATE_SWIFT_ASSET_SYMBOL_EXTENSIONS = YES;
				CLANG_ANALYZER_NONNULL = YES;
				CLANG_ANALYZER_NUMBER_OBJECT_CONVERSION = YES_AGGRESSIVE;
				CLANG_CXX_LANGUAGE_STANDARD = "gnu++20";
				CLANG_ENABLE_MODULES = YES;
				CLANG_ENABLE_OBJC_ARC = YES;
				CLANG_ENABLE_OBJC_WEAK = YES;
				CLANG_WARN_BLOCK_CAPTURE_AUTORELEASING = YES;
				CLANG_WARN_BOOL_CONVERSION = YES;
				CLANG_WARN_COMMA = YES;
				CLANG_WARN_CONSTANT_CONVERSION = YES;
				CLANG_WARN_DEPRECATED_OBJC_IMPLEMENTATIONS = YES;
				CLANG_WARN_DIRECT_OBJC_ISA_USAGE = YES_ERROR;
				CLANG_WARN_DOCUMENTATION_COMMENTS = YES;
				CLANG_WARN_EMPTY_BODY = YES;
				CLANG_WARN_ENUM_CONVERSION = YES;
				CLANG_WARN_INFINITE_RECURSION = YES;
				CLANG_WARN_INT_CONVERSION = YES;
				CLANG_WARN_NON_LITERAL_NULL_CONVERSION = YES;
				CLANG_WARN_OBJC_IMPLICIT_RETAIN_SELF = YES;
				CLANG_WARN_OBJC_LITERAL_CONVERSION = YES;
				CLANG_WARN_OBJC_ROOT_CLASS = YES_ERROR;
				CLANG_WARN_QUOTED_INCLUDE_IN_FRAMEWORK_HEADER = YES;
				CLANG_WARN_RANGE_LOOP_ANALYSIS = YES;
				CLANG_WARN_STRICT_PROTOTYPES = YES;
				CLANG_WARN_SUSPICIOUS_MOVE = YES;
				CLANG_WARN_UNGUARDED_AVAILABILITY = YES_AGGRESSIVE;
				CLANG_WARN_UNREACHABLE_CODE = YES;
				CLANG_WARN__DUPLICATE_METHOD_MATCH = YES;
				COPY_PHASE_STRIP = NO;
				DEBUG_INFORMATION_FORMAT = dwarf;
				ENABLE_STRICT_OBJC_MSGSEND = YES;
				ENABLE_TESTABILITY = YES;
				ENABLE_USER_SCRIPT_SANDBOXING = YES;
				GCC_C_LANGUAGE_STANDARD = gnu17;
				GCC_DYNAMIC_NO_PIC = NO;
				GCC_NO_COMMON_BLOCKS = YES;
				GCC_OPTIMIZATION_LEVEL = 0;
				GCC_PREPROCESSOR_DEFINITIONS = (
					"DEBUG=1",
					"$(inherited)",
				);
				GCC_WARN_64_TO_32_BIT_CONVERSION = YES;
				GCC_WARN_ABOUT_RETURN_TYPE = YES_ERROR;
				GCC_WARN_UNDECLARED_SELECTOR = YES;
				GCC_WARN_UNINITIALIZED_AUTOS = YES_AGGRESSIVE;
				GCC_WARN_UNUSED_FUNCTION = YES;
				GCC_WARN_UNUSED_VARIABLE = YES;
				LOCALIZATION_PREFERS_STRING_CATALOGS = YES;
				MTL_ENABLE_DEBUG_INFO = INCLUDE_SOURCE;
				MTL_FAST_MATH = YES;
				ONLY_ACTIVE_ARCH = YES;
				SWIFT_ACTIVE_COMPILATION_CONDITIONS = "DEBUG $(inherited)";
				SWIFT_OPTIMIZATION_LEVEL = "-Onone";
			};
			name = Debug;
		};
		17B1DC782BE8A4F5008A696A /* Release */ = {
			isa = XCBuildConfiguration;
			buildSettings = {
				ALWAYS_SEARCH_USER_PATHS = NO;
				ASSETCATALOG_COMPILER_GENERATE_SWIFT_ASSET_SYMBOL_EXTENSIONS = YES;
				CLANG_ANALYZER_NONNULL = YES;
				CLANG_ANALYZER_NUMBER_OBJECT_CONVERSION = YES_AGGRESSIVE;
				CLANG_CXX_LANGUAGE_STANDARD = "gnu++20";
				CLANG_ENABLE_MODULES = YES;
				CLANG_ENABLE_OBJC_ARC = YES;
				CLANG_ENABLE_OBJC_WEAK = YES;
				CLANG_WARN_BLOCK_CAPTURE_AUTORELEASING = YES;
				CLANG_WARN_BOOL_CONVERSION = YES;
				CLANG_WARN_COMMA = YES;
				CLANG_WARN_CONSTANT_CONVERSION = YES;
				CLANG_WARN_DEPRECATED_OBJC_IMPLEMENTATIONS = YES;
				CLANG_WARN_DIRECT_OBJC_ISA_USAGE = YES_ERROR;
				CLANG_WARN_DOCUMENTATION_COMMENTS = YES;
				CLANG_WARN_EMPTY_BODY = YES;
				CLANG_WARN_ENUM_CONVERSION = YES;
				CLANG_WARN_INFINITE_RECURSION = YES;
				CLANG_WARN_INT_CONVERSION = YES;
				CLANG_WARN_NON_LITERAL_NULL_CONVERSION = YES;
				CLANG_WARN_OBJC_IMPLICIT_RETAIN_SELF = YES;
				CLANG_WARN_OBJC_LITERAL_CONVERSION = YES;
				CLANG_WARN_OBJC_ROOT_CLASS = YES_ERROR;
				CLANG_WARN_QUOTED_INCLUDE_IN_FRAMEWORK_HEADER = YES;
				CLANG_WARN_RANGE_LOOP_ANALYSIS = YES;
				CLANG_WARN_STRICT_PROTOTYPES = YES;
				CLANG_WARN_SUSPICIOUS_MOVE = YES;
				CLANG_WARN_UNGUARDED_AVAILABILITY = YES_AGGRESSIVE;
				CLANG_WARN_UNREACHABLE_CODE = YES;
				CLANG_WARN__DUPLICATE_METHOD_MATCH = YES;
				COPY_PHASE_STRIP = NO;
				DEBUG_INFORMATION_FORMAT = "dwarf-with-dsym";
				ENABLE_NS_ASSERTIONS = NO;
				ENABLE_STRICT_OBJC_MSGSEND = YES;
				ENABLE_USER_SCRIPT_SANDBOXING = YES;
				GCC_C_LANGUAGE_STANDARD = gnu17;
				GCC_NO_COMMON_BLOCKS = YES;
				GCC_WARN_64_TO_32_BIT_CONVERSION = YES;
				GCC_WARN_ABOUT_RETURN_TYPE = YES_ERROR;
				GCC_WARN_UNDECLARED_SELECTOR = YES;
				GCC_WARN_UNINITIALIZED_AUTOS = YES_AGGRESSIVE;
				GCC_WARN_UNUSED_FUNCTION = YES;
				GCC_WARN_UNUSED_VARIABLE = YES;
				LOCALIZATION_PREFERS_STRING_CATALOGS = YES;
				MTL_ENABLE_DEBUG_INFO = NO;
				MTL_FAST_MATH = YES;
				SWIFT_COMPILATION_MODE = wholemodule;
			};
			name = Release;
		};
		17B1DC7A2BE8A4F5008A696A /* Debug */ = {
			isa = XCBuildConfiguration;
			buildSettings = {
				ALWAYS_EMBED_SWIFT_STANDARD_LIBRARIES = YES;
				ASSETCATALOG_COMPILER_APPICON_NAME = AppIcon;
				ASSETCATALOG_COMPILER_GLOBAL_ACCENT_COLOR_NAME = AccentColor;
				CODE_SIGN_ENTITLEMENTS = "Devote-Swift-UI/Devote_Swift_UI.entitlements";
				"CODE_SIGN_IDENTITY[sdk=macosx*]" = "Apple Development";
				CODE_SIGN_STYLE = Automatic;
				CURRENT_PROJECT_VERSION = 1;
				DEVELOPMENT_ASSET_PATHS = "\"Devote-Swift-UI/Preview Content\"";
				DEVELOPMENT_TEAM = VLW293B654;
				ENABLE_HARDENED_RUNTIME = YES;
				ENABLE_PREVIEWS = YES;
				GENERATE_INFOPLIST_FILE = YES;
				INFOPLIST_FILE = "Devote-Swift-UI/Info.plist";
				INFOPLIST_KEY_CFBundleDisplayName = Devote;
				"INFOPLIST_KEY_UIApplicationSceneManifest_Generation[sdk=iphoneos*]" = YES;
				"INFOPLIST_KEY_UIApplicationSceneManifest_Generation[sdk=iphonesimulator*]" = YES;
				"INFOPLIST_KEY_UIApplicationSupportsIndirectInputEvents[sdk=iphoneos*]" = YES;
				"INFOPLIST_KEY_UIApplicationSupportsIndirectInputEvents[sdk=iphonesimulator*]" = YES;
				"INFOPLIST_KEY_UILaunchScreen_Generation[sdk=iphoneos*]" = YES;
				"INFOPLIST_KEY_UILaunchScreen_Generation[sdk=iphonesimulator*]" = YES;
				"INFOPLIST_KEY_UIStatusBarStyle[sdk=iphoneos*]" = UIStatusBarStyleDefault;
				"INFOPLIST_KEY_UIStatusBarStyle[sdk=iphonesimulator*]" = UIStatusBarStyleDefault;
				INFOPLIST_KEY_UISupportedInterfaceOrientations = UIInterfaceOrientationPortrait;
				IPHONEOS_DEPLOYMENT_TARGET = 17.4;
				LD_RUNPATH_SEARCH_PATHS = "@executable_path/Frameworks";
				"LD_RUNPATH_SEARCH_PATHS[sdk=macosx*]" = "@executable_path/../Frameworks";
				MACOSX_DEPLOYMENT_TARGET = 14.4;
				MARKETING_VERSION = 1.0;
				PRODUCT_BUNDLE_IDENTIFIER = "com.hzqabdullah.Devote-Swift-UI";
				PRODUCT_NAME = "$(TARGET_NAME)";
				SDKROOT = auto;
				SUPPORTED_PLATFORMS = "iphoneos iphonesimulator macosx";
				SWIFT_EMIT_LOC_STRINGS = YES;
				SWIFT_VERSION = 5.0;
				TARGETED_DEVICE_FAMILY = "1,2";
			};
			name = Debug;
		};
		17B1DC7B2BE8A4F5008A696A /* Release */ = {
			isa = XCBuildConfiguration;
			buildSettings = {
				ALWAYS_EMBED_SWIFT_STANDARD_LIBRARIES = YES;
				ASSETCATALOG_COMPILER_APPICON_NAME = AppIcon;
				ASSETCATALOG_COMPILER_GLOBAL_ACCENT_COLOR_NAME = AccentColor;
				CODE_SIGN_ENTITLEMENTS = "Devote-Swift-UI/Devote_Swift_UI.entitlements";
				"CODE_SIGN_IDENTITY[sdk=macosx*]" = "Apple Development";
				CODE_SIGN_STYLE = Automatic;
				CURRENT_PROJECT_VERSION = 1;
				DEVELOPMENT_ASSET_PATHS = "\"Devote-Swift-UI/Preview Content\"";
				DEVELOPMENT_TEAM = VLW293B654;
				ENABLE_HARDENED_RUNTIME = YES;
				ENABLE_PREVIEWS = YES;
				GENERATE_INFOPLIST_FILE = YES;
				INFOPLIST_FILE = "Devote-Swift-UI/Info.plist";
				INFOPLIST_KEY_CFBundleDisplayName = Devote;
				"INFOPLIST_KEY_UIApplicationSceneManifest_Generation[sdk=iphoneos*]" = YES;
				"INFOPLIST_KEY_UIApplicationSceneManifest_Generation[sdk=iphonesimulator*]" = YES;
				"INFOPLIST_KEY_UIApplicationSupportsIndirectInputEvents[sdk=iphoneos*]" = YES;
				"INFOPLIST_KEY_UIApplicationSupportsIndirectInputEvents[sdk=iphonesimulator*]" = YES;
				"INFOPLIST_KEY_UILaunchScreen_Generation[sdk=iphoneos*]" = YES;
				"INFOPLIST_KEY_UILaunchScreen_Generation[sdk=iphonesimulator*]" = YES;
				"INFOPLIST_KEY_UIStatusBarStyle[sdk=iphoneos*]" = UIStatusBarStyleDefault;
				"INFOPLIST_KEY_UIStatusBarStyle[sdk=iphonesimulator*]" = UIStatusBarStyleDefault;
				INFOPLIST_KEY_UISupportedInterfaceOrientations = UIInterfaceOrientationPortrait;
				IPHONEOS_DEPLOYMENT_TARGET = 17.4;
				LD_RUNPATH_SEARCH_PATHS = "@executable_path/Frameworks";
				"LD_RUNPATH_SEARCH_PATHS[sdk=macosx*]" = "@executable_path/../Frameworks";
				MACOSX_DEPLOYMENT_TARGET = 14.4;
				MARKETING_VERSION = 1.0;
				PRODUCT_BUNDLE_IDENTIFIER = "com.hzqabdullah.Devote-Swift-UI";
				PRODUCT_NAME = "$(TARGET_NAME)";
				SDKROOT = auto;
				SUPPORTED_PLATFORMS = "iphoneos iphonesimulator macosx";
				SWIFT_EMIT_LOC_STRINGS = YES;
				SWIFT_VERSION = 5.0;
				TARGETED_DEVICE_FAMILY = "1,2";
			};
			name = Release;
		};
/* End XCBuildConfiguration section */

/* Begin XCConfigurationList section */
		17451D702C16BA530024E3CA /* Build configuration list for PBXNativeTarget "DevoteWidgetExtension" */ = {
			isa = XCConfigurationList;
			buildConfigurations = (
				17451D6E2C16BA530024E3CA /* Debug */,
				17451D6F2C16BA530024E3CA /* Release */,
			);
			defaultConfigurationIsVisible = 0;
			defaultConfigurationName = Release;
		};
		17B1DC602BE8A4F4008A696A /* Build configuration list for PBXProject "Devote-Swift-UI" */ = {
			isa = XCConfigurationList;
			buildConfigurations = (
				17B1DC772BE8A4F5008A696A /* Debug */,
				17B1DC782BE8A4F5008A696A /* Release */,
			);
			defaultConfigurationIsVisible = 0;
			defaultConfigurationName = Release;
		};
		17B1DC792BE8A4F5008A696A /* Build configuration list for PBXNativeTarget "Devote-Swift-UI" */ = {
			isa = XCConfigurationList;
			buildConfigurations = (
				17B1DC7A2BE8A4F5008A696A /* Debug */,
				17B1DC7B2BE8A4F5008A696A /* Release */,
			);
			defaultConfigurationIsVisible = 0;
			defaultConfigurationName = Release;
		};
/* End XCConfigurationList section */

/* Begin XCVersionGroup section */
		17B1DC6C2BE8A4F4008A696A /* Devote_Swift_UI.xcdatamodeld */ = {
			isa = XCVersionGroup;
			children = (
				17B1DC6D2BE8A4F4008A696A /* Devote_Swift_UI.xcdatamodel */,
			);
			currentVersion = 17B1DC6D2BE8A4F4008A696A /* Devote_Swift_UI.xcdatamodel */;
			path = Devote_Swift_UI.xcdatamodeld;
			sourceTree = "<group>";
			versionGroupType = wrapper.xcdatamodel;
		};
/* End XCVersionGroup section */
	};
	rootObject = 17B1DC5D2BE8A4F4008A696A /* Project object */;
}
